
Microsoft Visual Studio Solution File, Format Version 12.00
# Visual Studio Version 17
VisualStudioVersion = 17.8.34330.188
MinimumVisualStudioVersion = 10.0.40219.1
Project("{FAE04EC0-301F-11D3-BF4B-00C04F79EFBC}") = "Wheel Deal", "Wheel Deal\Wheel Deal.csproj", "{93069343-FA31-4A03-8E58-FBD964B49B5C}"
EndProject
Global
	GlobalSection(SolutionConfigurationPlatforms) = preSolution
		Debug|Any CPU = Debug|Any CPU
		Release|Any CPU = Release|Any CPU
	EndGlobalSection
	GlobalSection(ProjectConfigurationPlatforms) = postSolution
		{93069343-FA31-4A03-8E58-FBD964B49B5C}.Debug|Any CPU.ActiveCfg = Debug|Any CPU
		{93069343-FA31-4A03-8E58-FBD964B49B5C}.Debug|Any CPU.Build.0 = Debug|Any CPU
		{93069343-FA31-4A03-8E58-FBD964B49B5C}.Release|Any CPU.ActiveCfg = Release|Any CPU
		{93069343-FA31-4A03-8E58-FBD964B49B5C}.Release|Any CPU.Build.0 = Release|Any CPU
	EndGlobalSection
	GlobalSection(SolutionProperties) = preSolution
		HideSolutionNode = FALSE
	EndGlobalSection
	GlobalSection(ExtensibilityGlobals) = postSolution
		SolutionGuid = {F94C4378-E6AE-4720-B406-A22EF0D6BE5D}
	EndGlobalSection
EndGlobal
